
Microsoft Visual Studio Solution File, Format Version 12.00
# Visual Studio Version 17
VisualStudioVersion = 17.10.35122.118
MinimumVisualStudioVersion = 10.0.40219.1
Project("{FAE04EC0-301F-11D3-BF4B-00C04F79EFBC}") = "progA1", "progA1\progA1.csproj", "{67B1324F-927E-41D8-9CEA-3D88BE30BB12}"
EndProject
Global
	GlobalSection(SolutionConfigurationPlatforms) = preSolution
		Debug|Any CPU = Debug|Any CPU
		Release|Any CPU = Release|Any CPU
	EndGlobalSection
	GlobalSection(ProjectConfigurationPlatforms) = postSolution
		{67B1324F-927E-41D8-9CEA-3D88BE30BB12}.Debug|Any CPU.ActiveCfg = Debug|Any CPU
		{67B1324F-927E-41D8-9CEA-3D88BE30BB12}.Debug|Any CPU.Build.0 = Debug|Any CPU
		{67B1324F-927E-41D8-9CEA-3D88BE30BB12}.Release|Any CPU.ActiveCfg = Release|Any CPU
		{67B1324F-927E-41D8-9CEA-3D88BE30BB12}.Release|Any CPU.Build.0 = Release|Any CPU
	EndGlobalSection
	GlobalSection(SolutionProperties) = preSolution
		HideSolutionNode = FALSE
	EndGlobalSection
	GlobalSection(ExtensibilityGlobals) = postSolution
		SolutionGuid = {292ADEE2-8DA3-458D-A9C5-B3BB54FDEA18}
	EndGlobalSection
EndGlobal
